schema: '2.0'
stages:
  data_ingestion:
    cmd: python src/data/data_ingestion.py
    deps:
    - path: src/data/data_ingestion.py
      hash: md5
      md5: 5d942a77938721089ff16073500682f1
      size: 4419
    params:
      params.yaml:
        data_ingestion.test_size: 0.3
    outs:
    - path: data/raw
      hash: md5
      md5: 17f9273381e3939a36a0c0fffb215067.dir
      size: 28376241
      nfiles: 2
  data_preprocessing:
    cmd: python src/data/data_preprocessing.py
    deps:
    - path: data/raw/test.csv
      hash: md5
      md5: 4afa9dfc5de7aa8eb2e5c2fdb371ebba
      size: 8540444
    - path: data/raw/train.csv
      hash: md5
      md5: e0fa2cb8da4790f10a4e7eea08dfd8b1
      size: 19835797
    - path: src/data/data_preprocessing.py
      hash: md5
      md5: 5c33765224c0741cadd5e0e173e52ec0
      size: 3872
    outs:
    - path: data/preprocessed
      hash: md5
      md5: 60e7743d27dee96b047263ee5ea9cc85.dir
      size: 22015909
      nfiles: 2
  model_building:
    cmd: python src/model/model_building.py
    deps:
    - path: data/preprocessed/train_processed.csv
      hash: md5
      md5: 004db26053a432de22a3167e513848de
      size: 15386800
    - path: src/model/model_building.py
      hash: md5
      md5: e94e6409634497ffde4b9c35678d593e
      size: 7179
    params:
      params.yaml:
        model_building.colsample_bytree: 0.9234118017408489
        model_building.learning_rate: 0.03721005633871337
        model_building.max_depth: 9
        model_building.max_features: 10000
        model_building.min_child_samples: 31
        model_building.n_estimators: 997
        model_building.ngram_range:
        - 1
        - 3
        model_building.num_leaves: 133
        model_building.reg_alpha: 0.01215570124339254
        model_building.reg_lambda: 0.07146814041554751
        model_building.subsample: 0.8740422770140972
    outs:
    - path: stack_model.pkl
      hash: md5
      md5: bbb24d95638895293c74aac2c068847c
      size: 23503795
    - path: tfidf_vectorizer.pkl
      hash: md5
      md5: 09df3c611ec81e40c5e3132e86185785
      size: 388036
  model_evaluation:
    cmd: python src/model/model_evaluation.py
    deps:
    - path: data/preprocessed/test_processed.csv
      hash: md5
      md5: b684621f9826a103a08150684ad16f84
      size: 6629109
    - path: data/preprocessed/train_processed.csv
      hash: md5
      md5: 004db26053a432de22a3167e513848de
      size: 15386800
    - path: src/model/model_evaluation.py
      hash: md5
      md5: fc4059f345c3e48ed3924917b492f6e9
      size: 7003
    - path: stack_model.pkl
      hash: md5
      md5: bbb24d95638895293c74aac2c068847c
      size: 23503795
    - path: tfidf_vectorizer.pkl
      hash: md5
      md5: 09df3c611ec81e40c5e3132e86185785
      size: 388036
    outs:
    - path: experiment_info.json
      hash: md5
      md5: 139733bada57589513fc815fe929c218
      size: 95
  model_registration:
    cmd: python src/model/model_register.py
    deps:
    - path: experiment_info.json
      hash: md5
      md5: 139733bada57589513fc815fe929c218
      size: 95
    - path: src/model/model_register.py
      hash: md5
      md5: 7421b59c7e163f52ae207c75a7ebe36e
      size: 2534
